
Microsoft Visual Studio Solution File, Format Version 12.00
# Visual Studio Version 16
VisualStudioVersion = 16.0.31019.35
MinimumVisualStudioVersion = 10.0.40219.1
Project("{9A19103F-16F7-4668-BE54-9A1E7A4F7556}") = "BlogPost", "BlogPost\BlogPost.csproj", "{ED474785-215D-40DC-97C7-F0321B68DD7F}"
EndProject
Global
	GlobalSection(SolutionConfigurationPlatforms) = preSolution
		Debug|Any CPU = Debug|Any CPU
		Release|Any CPU = Release|Any CPU
	EndGlobalSection
	GlobalSection(ProjectConfigurationPlatforms) = postSolution
		{ED474785-215D-40DC-97C7-F0321B68DD7F}.Debug|Any CPU.ActiveCfg = Debug|Any CPU
		{ED474785-215D-40DC-97C7-F0321B68DD7F}.Debug|Any CPU.Build.0 = Debug|Any CPU
		{ED474785-215D-40DC-97C7-F0321B68DD7F}.Release|Any CPU.ActiveCfg = Release|Any CPU
		{ED474785-215D-40DC-97C7-F0321B68DD7F}.Release|Any CPU.Build.0 = Release|Any CPU
	EndGlobalSection
	GlobalSection(SolutionProperties) = preSolution
		HideSolutionNode = FALSE
	EndGlobalSection
	GlobalSection(ExtensibilityGlobals) = postSolution
		SolutionGuid = {173D0E11-AF5D-4256-A75E-944F75055CB8}
	EndGlobalSection
EndGlobal
